
Microsoft Visual Studio Solution File, Format Version 12.00
# Visual Studio Version 17
VisualStudioVersion = 17.14.36414.22
MinimumVisualStudioVersion = 10.0.40219.1
Project("{FAE04EC0-301F-11D3-BF4B-00C04F79EFBC}") = "DWIS.Service.ActiveVolume.Server", "DWIS.Service.ActiveVolume.Server\DWIS.Service.ActiveVolume.Server.csproj", "{57397F63-EB70-4A5E-B18D-6DAAEBAD57BB}"
EndProject
Project("{FAE04EC0-301F-11D3-BF4B-00C04F79EFBC}") = "DWIS.Service.ActiveVolume.DataSource", "DWIS.Service.ActiveVolume.DataSource\DWIS.Service.ActiveVolume.DataSource.csproj", "{5FDCE223-DFAB-4FB6-96F8-B76EFF821B53}"
EndProject
Project("{FAE04EC0-301F-11D3-BF4B-00C04F79EFBC}") = "DWIS.Service.ActiveVolume.DataSink", "DWIS.Service.ActiveVolume.DataSink\DWIS.Service.ActiveVolume.DataSink.csproj", "{103C824D-2F54-4787-B0E4-F9C82D680BF5}"
EndProject
Project("{FAE04EC0-301F-11D3-BF4B-00C04F79EFBC}") = "DWIS.Service.ActiveVolume.Model", "DWIS.Service.ActiveVolume.Model\DWIS.Service.ActiveVolume.Model.csproj", "{25D5FFB2-9CDD-4E2C-A036-63F277C59A50}"
EndProject
Project("{2150E333-8FDC-42A3-9474-1A3956D46DE8}") = "Solution Items", "Solution Items", "{8EC462FD-D22E-90A8-E5CE-7E832BA40C5D}"
	ProjectSection(SolutionItems) = preProject
		.github\workflows\docker-build-push-interpreter.yml = .github\workflows\docker-build-push-interpreter.yml
		README.md = README.md
	EndProjectSection
EndProject
Project("{FAE04EC0-301F-11D3-BF4B-00C04F79EFBC}") = "DWIS.Service.ActiveVolume.ModelSharedIn", "DWIS.Service.ActiveVolume.ModelSharedIn\DWIS.Service.ActiveVolume.ModelSharedIn.csproj", "{C4E16947-5A1C-43CF-91C7-2F0C1F67515D}"
EndProject
Project("{FAE04EC0-301F-11D3-BF4B-00C04F79EFBC}") = "DWIS.Service.ActiveVolume.CalibrationService", "DWIS.Service.ActiveVolume.CalibrationService\DWIS.Service.ActiveVolume.CalibrationService.csproj", "{7CE76E65-7338-408B-985F-E00496D9B94A}"
EndProject
Project("{FAE04EC0-301F-11D3-BF4B-00C04F79EFBC}") = "DWIS.Service.ActiveVolume.WebPages", "DWIS.Service.ActiveVolume.WebPages\DWIS.Service.ActiveVolume.WebPages.csproj", "{E44149D0-36F8-483C-A7D7-49488ED5D255}"
EndProject
Project("{FAE04EC0-301F-11D3-BF4B-00C04F79EFBC}") = "DWIS.Service.ActiveVolume.WebApp", "DWIS.Service.ActiveVolume.WebApp\DWIS.Service.ActiveVolume.WebApp.csproj", "{7ADDE936-5E1E-4074-8B9C-2AE5517D4EB5}"
EndProject
Project("{FAE04EC0-301F-11D3-BF4B-00C04F79EFBC}") = "DWIS.Service.ActiveVolume.ModelSharedOut", "DWIS.Service.ActiveVolume.ModelSharedOut\DWIS.Service.ActiveVolume.ModelSharedOut.csproj", "{4ACC6EE8-62E9-4200-BD1F-5C7B26535DCD}"
EndProject
Global
	GlobalSection(SolutionConfigurationPlatforms) = preSolution
		Debug|Any CPU = Debug|Any CPU
		Debug|x64 = Debug|x64
		Debug|x86 = Debug|x86
		Release|Any CPU = Release|Any CPU
		Release|x64 = Release|x64
		Release|x86 = Release|x86
	EndGlobalSection
	GlobalSection(ProjectConfigurationPlatforms) = postSolution
		{57397F63-EB70-4A5E-B18D-6DAAEBAD57BB}.Debug|Any CPU.ActiveCfg = Debug|Any CPU
		{57397F63-EB70-4A5E-B18D-6DAAEBAD57BB}.Debug|Any CPU.Build.0 = Debug|Any CPU
		{57397F63-EB70-4A5E-B18D-6DAAEBAD57BB}.Debug|x64.ActiveCfg = Debug|Any CPU
		{57397F63-EB70-4A5E-B18D-6DAAEBAD57BB}.Debug|x64.Build.0 = Debug|Any CPU
		{57397F63-EB70-4A5E-B18D-6DAAEBAD57BB}.Debug|x86.ActiveCfg = Debug|Any CPU
		{57397F63-EB70-4A5E-B18D-6DAAEBAD57BB}.Debug|x86.Build.0 = Debug|Any CPU
		{57397F63-EB70-4A5E-B18D-6DAAEBAD57BB}.Release|Any CPU.ActiveCfg = Release|Any CPU
		{57397F63-EB70-4A5E-B18D-6DAAEBAD57BB}.Release|Any CPU.Build.0 = Release|Any CPU
		{57397F63-EB70-4A5E-B18D-6DAAEBAD57BB}.Release|x64.ActiveCfg = Release|Any CPU
		{57397F63-EB70-4A5E-B18D-6DAAEBAD57BB}.Release|x64.Build.0 = Release|Any CPU
		{57397F63-EB70-4A5E-B18D-6DAAEBAD57BB}.Release|x86.ActiveCfg = Release|Any CPU
		{57397F63-EB70-4A5E-B18D-6DAAEBAD57BB}.Release|x86.Build.0 = Release|Any CPU
		{5FDCE223-DFAB-4FB6-96F8-B76EFF821B53}.Debug|Any CPU.ActiveCfg = Debug|Any CPU
		{5FDCE223-DFAB-4FB6-96F8-B76EFF821B53}.Debug|Any CPU.Build.0 = Debug|Any CPU
		{5FDCE223-DFAB-4FB6-96F8-B76EFF821B53}.Debug|x64.ActiveCfg = Debug|Any CPU
		{5FDCE223-DFAB-4FB6-96F8-B76EFF821B53}.Debug|x64.Build.0 = Debug|Any CPU
		{5FDCE223-DFAB-4FB6-96F8-B76EFF821B53}.Debug|x86.ActiveCfg = Debug|Any CPU
		{5FDCE223-DFAB-4FB6-96F8-B76EFF821B53}.Debug|x86.Build.0 = Debug|Any CPU
		{5FDCE223-DFAB-4FB6-96F8-B76EFF821B53}.Release|Any CPU.ActiveCfg = Release|Any CPU
		{5FDCE223-DFAB-4FB6-96F8-B76EFF821B53}.Release|Any CPU.Build.0 = Release|Any CPU
		{5FDCE223-DFAB-4FB6-96F8-B76EFF821B53}.Release|x64.ActiveCfg = Release|Any CPU
		{5FDCE223-DFAB-4FB6-96F8-B76EFF821B53}.Release|x64.Build.0 = Release|Any CPU
		{5FDCE223-DFAB-4FB6-96F8-B76EFF821B53}.Release|x86.ActiveCfg = Release|Any CPU
		{5FDCE223-DFAB-4FB6-96F8-B76EFF821B53}.Release|x86.Build.0 = Release|Any CPU
		{103C824D-2F54-4787-B0E4-F9C82D680BF5}.Debug|Any CPU.ActiveCfg = Debug|Any CPU
		{103C824D-2F54-4787-B0E4-F9C82D680BF5}.Debug|Any CPU.Build.0 = Debug|Any CPU
		{103C824D-2F54-4787-B0E4-F9C82D680BF5}.Debug|x64.ActiveCfg = Debug|Any CPU
		{103C824D-2F54-4787-B0E4-F9C82D680BF5}.Debug|x64.Build.0 = Debug|Any CPU
		{103C824D-2F54-4787-B0E4-F9C82D680BF5}.Debug|x86.ActiveCfg = Debug|Any CPU
		{103C824D-2F54-4787-B0E4-F9C82D680BF5}.Debug|x86.Build.0 = Debug|Any CPU
		{103C824D-2F54-4787-B0E4-F9C82D680BF5}.Release|Any CPU.ActiveCfg = Release|Any CPU
		{103C824D-2F54-4787-B0E4-F9C82D680BF5}.Release|Any CPU.Build.0 = Release|Any CPU
		{103C824D-2F54-4787-B0E4-F9C82D680BF5}.Release|x64.ActiveCfg = Release|Any CPU
		{103C824D-2F54-4787-B0E4-F9C82D680BF5}.Release|x64.Build.0 = Release|Any CPU
		{103C824D-2F54-4787-B0E4-F9C82D680BF5}.Release|x86.ActiveCfg = Release|Any CPU
		{103C824D-2F54-4787-B0E4-F9C82D680BF5}.Release|x86.Build.0 = Release|Any CPU
		{25D5FFB2-9CDD-4E2C-A036-63F277C59A50}.Debug|Any CPU.ActiveCfg = Debug|Any CPU
		{25D5FFB2-9CDD-4E2C-A036-63F277C59A50}.Debug|Any CPU.Build.0 = Debug|Any CPU
		{25D5FFB2-9CDD-4E2C-A036-63F277C59A50}.Debug|x64.ActiveCfg = Debug|Any CPU
		{25D5FFB2-9CDD-4E2C-A036-63F277C59A50}.Debug|x64.Build.0 = Debug|Any CPU
		{25D5FFB2-9CDD-4E2C-A036-63F277C59A50}.Debug|x86.ActiveCfg = Debug|Any CPU
		{25D5FFB2-9CDD-4E2C-A036-63F277C59A50}.Debug|x86.Build.0 = Debug|Any CPU
		{25D5FFB2-9CDD-4E2C-A036-63F277C59A50}.Release|Any CPU.ActiveCfg = Release|Any CPU
		{25D5FFB2-9CDD-4E2C-A036-63F277C59A50}.Release|Any CPU.Build.0 = Release|Any CPU
		{25D5FFB2-9CDD-4E2C-A036-63F277C59A50}.Release|x64.ActiveCfg = Release|Any CPU
		{25D5FFB2-9CDD-4E2C-A036-63F277C59A50}.Release|x64.Build.0 = Release|Any CPU
		{25D5FFB2-9CDD-4E2C-A036-63F277C59A50}.Release|x86.ActiveCfg = Release|Any CPU
		{25D5FFB2-9CDD-4E2C-A036-63F277C59A50}.Release|x86.Build.0 = Release|Any CPU
		{C4E16947-5A1C-43CF-91C7-2F0C1F67515D}.Debug|Any CPU.ActiveCfg = Debug|Any CPU
		{C4E16947-5A1C-43CF-91C7-2F0C1F67515D}.Debug|Any CPU.Build.0 = Debug|Any CPU
		{C4E16947-5A1C-43CF-91C7-2F0C1F67515D}.Debug|x64.ActiveCfg = Debug|Any CPU
		{C4E16947-5A1C-43CF-91C7-2F0C1F67515D}.Debug|x64.Build.0 = Debug|Any CPU
		{C4E16947-5A1C-43CF-91C7-2F0C1F67515D}.Debug|x86.ActiveCfg = Debug|Any CPU
		{C4E16947-5A1C-43CF-91C7-2F0C1F67515D}.Debug|x86.Build.0 = Debug|Any CPU
		{C4E16947-5A1C-43CF-91C7-2F0C1F67515D}.Release|Any CPU.ActiveCfg = Release|Any CPU
		{C4E16947-5A1C-43CF-91C7-2F0C1F67515D}.Release|Any CPU.Build.0 = Release|Any CPU
		{C4E16947-5A1C-43CF-91C7-2F0C1F67515D}.Release|x64.ActiveCfg = Release|Any CPU
		{C4E16947-5A1C-43CF-91C7-2F0C1F67515D}.Release|x64.Build.0 = Release|Any CPU
		{C4E16947-5A1C-43CF-91C7-2F0C1F67515D}.Release|x86.ActiveCfg = Release|Any CPU
		{C4E16947-5A1C-43CF-91C7-2F0C1F67515D}.Release|x86.Build.0 = Release|Any CPU
		{7CE76E65-7338-408B-985F-E00496D9B94A}.Debug|Any CPU.ActiveCfg = Debug|Any CPU
		{7CE76E65-7338-408B-985F-E00496D9B94A}.Debug|Any CPU.Build.0 = Debug|Any CPU
		{7CE76E65-7338-408B-985F-E00496D9B94A}.Debug|x64.ActiveCfg = Debug|Any CPU
		{7CE76E65-7338-408B-985F-E00496D9B94A}.Debug|x64.Build.0 = Debug|Any CPU
		{7CE76E65-7338-408B-985F-E00496D9B94A}.Debug|x86.ActiveCfg = Debug|Any CPU
		{7CE76E65-7338-408B-985F-E00496D9B94A}.Debug|x86.Build.0 = Debug|Any CPU
		{7CE76E65-7338-408B-985F-E00496D9B94A}.Release|Any CPU.ActiveCfg = Release|Any CPU
		{7CE76E65-7338-408B-985F-E00496D9B94A}.Release|Any CPU.Build.0 = Release|Any CPU
		{7CE76E65-7338-408B-985F-E00496D9B94A}.Release|x64.ActiveCfg = Release|Any CPU
		{7CE76E65-7338-408B-985F-E00496D9B94A}.Release|x64.Build.0 = Release|Any CPU
		{7CE76E65-7338-408B-985F-E00496D9B94A}.Release|x86.ActiveCfg = Release|Any CPU
		{7CE76E65-7338-408B-985F-E00496D9B94A}.Release|x86.Build.0 = Release|Any CPU
		{E44149D0-36F8-483C-A7D7-49488ED5D255}.Debug|Any CPU.ActiveCfg = Debug|Any CPU
		{E44149D0-36F8-483C-A7D7-49488ED5D255}.Debug|Any CPU.Build.0 = Debug|Any CPU
		{E44149D0-36F8-483C-A7D7-49488ED5D255}.Debug|x64.ActiveCfg = Debug|Any CPU
		{E44149D0-36F8-483C-A7D7-49488ED5D255}.Debug|x64.Build.0 = Debug|Any CPU
		{E44149D0-36F8-483C-A7D7-49488ED5D255}.Debug|x86.ActiveCfg = Debug|Any CPU
		{E44149D0-36F8-483C-A7D7-49488ED5D255}.Debug|x86.Build.0 = Debug|Any CPU
		{E44149D0-36F8-483C-A7D7-49488ED5D255}.Release|Any CPU.ActiveCfg = Release|Any CPU
		{E44149D0-36F8-483C-A7D7-49488ED5D255}.Release|Any CPU.Build.0 = Release|Any CPU
		{E44149D0-36F8-483C-A7D7-49488ED5D255}.Release|x64.ActiveCfg = Release|Any CPU
		{E44149D0-36F8-483C-A7D7-49488ED5D255}.Release|x64.Build.0 = Release|Any CPU
		{E44149D0-36F8-483C-A7D7-49488ED5D255}.Release|x86.ActiveCfg = Release|Any CPU
		{E44149D0-36F8-483C-A7D7-49488ED5D255}.Release|x86.Build.0 = Release|Any CPU
		{7ADDE936-5E1E-4074-8B9C-2AE5517D4EB5}.Debug|Any CPU.ActiveCfg = Debug|Any CPU
		{7ADDE936-5E1E-4074-8B9C-2AE5517D4EB5}.Debug|Any CPU.Build.0 = Debug|Any CPU
		{7ADDE936-5E1E-4074-8B9C-2AE5517D4EB5}.Debug|x64.ActiveCfg = Debug|Any CPU
		{7ADDE936-5E1E-4074-8B9C-2AE5517D4EB5}.Debug|x64.Build.0 = Debug|Any CPU
		{7ADDE936-5E1E-4074-8B9C-2AE5517D4EB5}.Debug|x86.ActiveCfg = Debug|Any CPU
		{7ADDE936-5E1E-4074-8B9C-2AE5517D4EB5}.Debug|x86.Build.0 = Debug|Any CPU
		{7ADDE936-5E1E-4074-8B9C-2AE5517D4EB5}.Release|Any CPU.ActiveCfg = Release|Any CPU
		{7ADDE936-5E1E-4074-8B9C-2AE5517D4EB5}.Release|Any CPU.Build.0 = Release|Any CPU
		{7ADDE936-5E1E-4074-8B9C-2AE5517D4EB5}.Release|x64.ActiveCfg = Release|Any CPU
		{7ADDE936-5E1E-4074-8B9C-2AE5517D4EB5}.Release|x64.Build.0 = Release|Any CPU
		{7ADDE936-5E1E-4074-8B9C-2AE5517D4EB5}.Release|x86.ActiveCfg = Release|Any CPU
		{7ADDE936-5E1E-4074-8B9C-2AE5517D4EB5}.Release|x86.Build.0 = Release|Any CPU
		{4ACC6EE8-62E9-4200-BD1F-5C7B26535DCD}.Debug|Any CPU.ActiveCfg = Debug|Any CPU
		{4ACC6EE8-62E9-4200-BD1F-5C7B26535DCD}.Debug|Any CPU.Build.0 = Debug|Any CPU
		{4ACC6EE8-62E9-4200-BD1F-5C7B26535DCD}.Debug|x64.ActiveCfg = Debug|Any CPU
		{4ACC6EE8-62E9-4200-BD1F-5C7B26535DCD}.Debug|x64.Build.0 = Debug|Any CPU
		{4ACC6EE8-62E9-4200-BD1F-5C7B26535DCD}.Debug|x86.ActiveCfg = Debug|Any CPU
		{4ACC6EE8-62E9-4200-BD1F-5C7B26535DCD}.Debug|x86.Build.0 = Debug|Any CPU
		{4ACC6EE8-62E9-4200-BD1F-5C7B26535DCD}.Release|Any CPU.ActiveCfg = Release|Any CPU
		{4ACC6EE8-62E9-4200-BD1F-5C7B26535DCD}.Release|Any CPU.Build.0 = Release|Any CPU
		{4ACC6EE8-62E9-4200-BD1F-5C7B26535DCD}.Release|x64.ActiveCfg = Release|Any CPU
		{4ACC6EE8-62E9-4200-BD1F-5C7B26535DCD}.Release|x64.Build.0 = Release|Any CPU
		{4ACC6EE8-62E9-4200-BD1F-5C7B26535DCD}.Release|x86.ActiveCfg = Release|Any CPU
		{4ACC6EE8-62E9-4200-BD1F-5C7B26535DCD}.Release|x86.Build.0 = Release|Any CPU
	EndGlobalSection
	GlobalSection(SolutionProperties) = preSolution
		HideSolutionNode = FALSE
	EndGlobalSection
	GlobalSection(ExtensibilityGlobals) = postSolution
		SolutionGuid = {7C0651C9-19DE-40EA-8367-6FA231622A86}
	EndGlobalSection
EndGlobal
